Microsoft Visual Studio Solution File, Format Version 12.00
# Visual Studio Version 17
VisualStudioVersion = 17.5.2.0
MinimumVisualStudioVersion = 10.0.40219.1
Project("{FAE04EC0-301F-11D3-BF4B-00C04F79EFBC}") = "ddsy", "ddsy.csproj", "{994C5F5E-F6DE-5CE5-D84D-FBA00FFD9C8E}"
EndProject
Global
	GlobalSection(SolutionConfigurationPlatforms) = preSolution
		Debug|Any CPU = Debug|Any CPU
		Release|Any CPU = Release|Any CPU
	EndGlobalSection
	GlobalSection(ProjectConfigurationPlatforms) = postSolution
		{994C5F5E-F6DE-5CE5-D84D-FBA00FFD9C8E}.Debug|Any CPU.ActiveCfg = Debug|Any CPU
		{994C5F5E-F6DE-5CE5-D84D-FBA00FFD9C8E}.Debug|Any CPU.Build.0 = Debug|Any CPU
		{994C5F5E-F6DE-5CE5-D84D-FBA00FFD9C8E}.Release|Any CPU.ActiveCfg = Release|Any CPU
		{994C5F5E-F6DE-5CE5-D84D-FBA00FFD9C8E}.Release|Any CPU.Build.0 = Release|Any CPU
	EndGlobalSection
	GlobalSection(SolutionProperties) = preSolution
		HideSolutionNode = FALSE
	EndGlobalSection
	GlobalSection(ExtensibilityGlobals) = postSolution
		SolutionGuid = {51410D5C-AA06-479C-BB96-E80BBEA7DBB5}
	EndGlobalSection
EndGlobal
